// !$*UTF8*$!
{
	archiveVersion = 1;
	classes = {
	};
	objectVersion = 51;
	objects = {

/* Begin PBXBuildFile section */
		9C6E6DFF9404F1F63B5D04C8 /* Pods_Weather_Altimetrik.framework in Frameworks */ = {isa = PBXBuildFile; fileRef = 30C7FB900F0F464FC4B1CC5D /* Pods_Weather_Altimetrik.framework */; };
		E00A50079532EBA63DF5CF09 /* Pods_Weather_AltimetrikTests.framework in Frameworks */ = {isa = PBXBuildFile; fileRef = 433CA05324A6BAAEE672B4E7 /* Pods_Weather_AltimetrikTests.framework */; };
		EA20F1D1242FA14D00F12E81 /* LoicationFormViewModelTests.swift in Sources */ = {isa = PBXBuildFile; fileRef = EA20F1D0242FA14D00F12E81 /* LoicationFormViewModelTests.swift */; };
		EA20F1D6242FA46000F12E81 /* UIViewController+Utils.swift in Sources */ = {isa = PBXBuildFile; fileRef = EA20F1D5242FA46000F12E81 /* UIViewController+Utils.swift */; };
		EA20F1D9242FA81600F12E81 /* RequestManager.swift in Sources */ = {isa = PBXBuildFile; fileRef = EA20F1D8242FA81600F12E81 /* RequestManager.swift */; };
		EA20F1DC242FB23800F12E81 /* WeatherViewController.swift in Sources */ = {isa = PBXBuildFile; fileRef = EA20F1DB242FB23800F12E81 /* WeatherViewController.swift */; };
		EA20F1DE242FB25900F12E81 /* WeatherViewModel.swift in Sources */ = {isa = PBXBuildFile; fileRef = EA20F1DD242FB25900F12E81 /* WeatherViewModel.swift */; };
		EA20F1E3242FB2AB00F12E81 /* Weather.swift in Sources */ = {isa = PBXBuildFile; fileRef = EA20F1E2242FB2AB00F12E81 /* Weather.swift */; };
		EA20F1E5242FB32800F12E81 /* WeatherDaily.swift in Sources */ = {isa = PBXBuildFile; fileRef = EA20F1E4242FB32800F12E81 /* WeatherDaily.swift */; };
		EA20F1E7242FB3F400F12E81 /* WeatherHourly.swift in Sources */ = {isa = PBXBuildFile; fileRef = EA20F1E6242FB3F400F12E81 /* WeatherHourly.swift */; };
		EA20F1E9242FB44A00F12E81 /* WeatherData.swift in Sources */ = {isa = PBXBuildFile; fileRef = EA20F1E8242FB44A00F12E81 /* WeatherData.swift */; };
		EA65F043242F9323003C6BE7 /* AppDelegate.swift in Sources */ = {isa = PBXBuildFile; fileRef = EA65F042242F9323003C6BE7 /* AppDelegate.swift */; };
		EA65F045242F9323003C6BE7 /* SceneDelegate.swift in Sources */ = {isa = PBXBuildFile; fileRef = EA65F044242F9323003C6BE7 /* SceneDelegate.swift */; };
		EA65F047242F9323003C6BE7 /* LocationFormViewController.swift in Sources */ = {isa = PBXBuildFile; fileRef = EA65F046242F9323003C6BE7 /* LocationFormViewController.swift */; };
		EA65F04A242F9323003C6BE7 /* Main.storyboard in Resources */ = {isa = PBXBuildFile; fileRef = EA65F048242F9323003C6BE7 /* Main.storyboard */; };
		EA65F04C242F9325003C6BE7 /* Assets.xcassets in Resources */ = {isa = PBXBuildFile; fileRef = EA65F04B242F9325003C6BE7 /* Assets.xcassets */; };
		EA65F04F242F9325003C6BE7 /* LaunchScreen.storyboard in Resources */ = {isa = PBXBuildFile; fileRef = EA65F04D242F9325003C6BE7 /* LaunchScreen.storyboard */; };
		EA65F05A242F9325003C6BE7 /* Weather_AltimetrikTests.swift in Sources */ = {isa = PBXBuildFile; fileRef = EA65F059242F9325003C6BE7 /* Weather_AltimetrikTests.swift */; };
		EA65F066242F9AB4003C6BE7 /* LocationFormViewModel.swift in Sources */ = {isa = PBXBuildFile; fileRef = EA65F065242F9AB4003C6BE7 /* LocationFormViewModel.swift */; };
/* End PBXBuildFile section */

/* Begin PBXContainerItemProxy section */
		EA65F056242F9325003C6BE7 /* PBXContainerItemProxy */ = {
			isa = PBXContainerItemProxy;
			containerPortal = EA65F037242F9323003C6BE7 /* Project object */;
			proxyType = 1;
			remoteGlobalIDString = EA65F03E242F9323003C6BE7;
			remoteInfo = "Weather Altimetrik";
		};
/* End PBXContainerItemProxy section */

/* Begin PBXFileReference section */
		284BA8A89E3CCA375B749503 /* Pods-Weather Altimetrik.debug.xcconfig */ = {isa = PBXFileReference; includeInIndex = 1; lastKnownFileType = text.xcconfig; name = "Pods-Weather Altimetrik.debug.xcconfig"; path = "Target Support Files/Pods-Weather Altimetrik/Pods-Weather Altimetrik.debug.xcconfig"; sourceTree = "<group>"; };
		30C7FB900F0F464FC4B1CC5D /* Pods_Weather_Altimetrik.framework */ = {isa = PBXFileReference; explicitFileType = wrapper.framework; includeInIndex = 0; path = Pods_Weather_Altimetrik.framework; sourceTree = BUILT_PRODUCTS_DIR; };
		433CA05324A6BAAEE672B4E7 /* Pods_Weather_AltimetrikTests.framework */ = {isa = PBXFileReference; explicitFileType = wrapper.framework; includeInIndex = 0; path = Pods_Weather_AltimetrikTests.framework; sourceTree = BUILT_PRODUCTS_DIR; };
		7B5AE4E32ED02EF5D8D0C2B5 /* Pods-Weather AltimetrikTests.release.xcconfig */ = {isa = PBXFileReference; includeInIndex = 1; lastKnownFileType = text.xcconfig; name = "Pods-Weather AltimetrikTests.release.xcconfig"; path = "Target Support Files/Pods-Weather AltimetrikTests/Pods-Weather AltimetrikTests.release.xcconfig"; sourceTree = "<group>"; };
		D3F6BF8D429BD8AF838A4B9C /* Pods-Weather Altimetrik.release.xcconfig */ = {isa = PBXFileReference; includeInIndex = 1; lastKnownFileType = text.xcconfig; name = "Pods-Weather Altimetrik.release.xcconfig"; path = "Target Support Files/Pods-Weather Altimetrik/Pods-Weather Altimetrik.release.xcconfig"; sourceTree = "<group>"; };
		E08CA6DEEFD531DE5DFBD445 /* Pods-Weather AltimetrikTests.debug.xcconfig */ = {isa = PBXFileReference; includeInIndex = 1; lastKnownFileType = text.xcconfig; name = "Pods-Weather AltimetrikTests.debug.xcconfig"; path = "Target Support Files/Pods-Weather AltimetrikTests/Pods-Weather AltimetrikTests.debug.xcconfig"; sourceTree = "<group>"; };
		EA1CDCA7242FBD3E00E3CE20 /* Charts.framework */ = {isa = PBXFileReference; explicitFileType = wrapper.framework; path = Charts.framework; sourceTree = BUILT_PRODUCTS_DIR; };
		EA20F1D0242FA14D00F12E81 /* LoicationFormViewModelTests.swift */ = {isa = PBXFileReference; lastKnownFileType = sourcecode.swift; path = LoicationFormViewModelTests.swift; sourceTree = "<group>"; };
		EA20F1D5242FA46000F12E81 /* UIViewController+Utils.swift */ = {isa = PBXFileReference; lastKnownFileType = sourcecode.swift; path = "UIViewController+Utils.swift"; sourceTree = "<group>"; };
		EA20F1D8242FA81600F12E81 /* RequestManager.swift */ = {isa = PBXFileReference; lastKnownFileType = sourcecode.swift; path = RequestManager.swift; sourceTree = "<group>"; };
		EA20F1DB242FB23800F12E81 /* WeatherViewController.swift */ = {isa = PBXFileReference; lastKnownFileType = sourcecode.swift; path = WeatherViewController.swift; sourceTree = "<group>"; };
		EA20F1DD242FB25900F12E81 /* WeatherViewModel.swift */ = {isa = PBXFileReference; lastKnownFileType = sourcecode.swift; path = WeatherViewModel.swift; sourceTree = "<group>"; };
		EA20F1E2242FB2AB00F12E81 /* Weather.swift */ = {isa = PBXFileReference; lastKnownFileType = sourcecode.swift; path = Weather.swift; sourceTree = "<group>"; };
		EA20F1E4242FB32800F12E81 /* WeatherDaily.swift */ = {isa = PBXFileReference; lastKnownFileType = sourcecode.swift; path = WeatherDaily.swift; sourceTree = "<group>"; };
		EA20F1E6242FB3F400F12E81 /* WeatherHourly.swift */ = {isa = PBXFileReference; lastKnownFileType = sourcecode.swift; path = WeatherHourly.swift; sourceTree = "<group>"; };
		EA20F1E8242FB44A00F12E81 /* WeatherData.swift */ = {isa = PBXFileReference; lastKnownFileType = sourcecode.swift; path = WeatherData.swift; sourceTree = "<group>"; };
		EA65F03F242F9323003C6BE7 /* Weather Altimetrik.app */ = {isa = PBXFileReference; explicitFileType = wrapper.application; includeInIndex = 0; path = "Weather Altimetrik.app"; sourceTree = BUILT_PRODUCTS_DIR; };
		EA65F042242F9323003C6BE7 /* AppDelegate.swift */ = {isa = PBXFileReference; lastKnownFileType = sourcecode.swift; path = AppDelegate.swift; sourceTree = "<group>"; };
		EA65F044242F9323003C6BE7 /* SceneDelegate.swift */ = {isa = PBXFileReference; lastKnownFileType = sourcecode.swift; path = SceneDelegate.swift; sourceTree = "<group>"; };
		EA65F046242F9323003C6BE7 /* LocationFormViewController.swift */ = {isa = PBXFileReference; lastKnownFileType = sourcecode.swift; path = LocationFormViewController.swift; sourceTree = "<group>"; };
		EA65F049242F9323003C6BE7 /* Base */ = {isa = PBXFileReference; lastKnownFileType = file.storyboard; name = Base; path = Base.lproj/Main.storyboard; sourceTree = "<group>"; };
		EA65F04B242F9325003C6BE7 /* Assets.xcassets */ = {isa = PBXFileReference; lastKnownFileType = folder.assetcatalog; path = Assets.xcassets; sourceTree = "<group>"; };
		EA65F04E242F9325003C6BE7 /* Base */ = {isa = PBXFileReference; lastKnownFileType = file.storyboard; name = Base; path = Base.lproj/LaunchScreen.storyboard; sourceTree = "<group>"; };
		EA65F050242F9325003C6BE7 /* Info.plist */ = {isa = PBXFileReference; lastKnownFileType = text.plist.xml; path = Info.plist; sourceTree = "<group>"; };
		EA65F055242F9325003C6BE7 /* Weather AltimetrikTests.xctest */ = {isa = PBXFileReference; explicitFileType = wrapper.cfbundle; includeInIndex = 0; path = "Weather AltimetrikTests.xctest"; sourceTree = BUILT_PRODUCTS_DIR; };
		EA65F059242F9325003C6BE7 /* Weather_AltimetrikTests.swift */ = {isa = PBXFileReference; lastKnownFileType = sourcecode.swift; path = Weather_AltimetrikTests.swift; sourceTree = "<group>"; };
		EA65F05B242F9325003C6BE7 /* Info.plist */ = {isa = PBXFileReference; lastKnownFileType = text.plist.xml; path = Info.plist; sourceTree = "<group>"; };
		EA65F065242F9AB4003C6BE7 /* LocationFormViewModel.swift */ = {isa = PBXFileReference; lastKnownFileType = sourcecode.swift; path = LocationFormViewModel.swift; sourceTree = "<group>"; };
		EA9B9C81242FBF27000C0ADF /* Charts.framework */ = {isa = PBXFileReference; explicitFileType = wrapper.framework; path = Charts.framework; sourceTree = BUILT_PRODUCTS_DIR; };
/* End PBXFileReference section */

/* Begin PBXFrameworksBuildPhase section */
		EA65F03C242F9323003C6BE7 /* Frameworks */ = {
			isa = PBXFrameworksBuildPhase;
			buildActionMask = 2147483647;
			files = (
				9C6E6DFF9404F1F63B5D04C8 /* Pods_Weather_Altimetrik.framework in Frameworks */,
			);
			runOnlyForDeploymentPostprocessing = 0;
		};
		EA65F052242F9325003C6BE7 /* Frameworks */ = {
			isa = PBXFrameworksBuildPhase;
			buildActionMask = 2147483647;
			files = (
				E00A50079532EBA63DF5CF09 /* Pods_Weather_AltimetrikTests.framework in Frameworks */,
			);
			runOnlyForDeploymentPostprocessing = 0;
		};
/* End PBXFrameworksBuildPhase section */

/* Begin PBXGroup section */
		062C5A3E389DBCE8AD32CBC5 /* Frameworks */ = {
			isa = PBXGroup;
			children = (
				EA9B9C81242FBF27000C0ADF /* Charts.framework */,
				EA1CDCA7242FBD3E00E3CE20 /* Charts.framework */,
				30C7FB900F0F464FC4B1CC5D /* Pods_Weather_Altimetrik.framework */,
				433CA05324A6BAAEE672B4E7 /* Pods_Weather_AltimetrikTests.framework */,
			);
			name = Frameworks;
			sourceTree = "<group>";
		};
		106ED8F07FB7F04AA7110BFE /* Pods */ = {
			isa = PBXGroup;
			children = (
				284BA8A89E3CCA375B749503 /* Pods-Weather Altimetrik.debug.xcconfig */,
				D3F6BF8D429BD8AF838A4B9C /* Pods-Weather Altimetrik.release.xcconfig */,
				E08CA6DEEFD531DE5DFBD445 /* Pods-Weather AltimetrikTests.debug.xcconfig */,
				7B5AE4E32ED02EF5D8D0C2B5 /* Pods-Weather AltimetrikTests.release.xcconfig */,
			);
			path = Pods;
			sourceTree = "<group>";
		};
		EA20F1D2242FA40B00F12E81 /* Extensions */ = {
			isa = PBXGroup;
			children = (
				EA20F1D5242FA46000F12E81 /* UIViewController+Utils.swift */,
			);
			path = Extensions;
			sourceTree = "<group>";
		};
		EA20F1D7242FA7FA00F12E81 /* Commons */ = {
			isa = PBXGroup;
			children = (
				EA20F1D8242FA81600F12E81 /* RequestManager.swift */,
			);
			path = Commons;
			sourceTree = "<group>";
		};
		EA20F1DA242FB21400F12E81 /* Weather */ = {
			isa = PBXGroup;
			children = (
				EA20F1DB242FB23800F12E81 /* WeatherViewController.swift */,
				EA20F1DD242FB25900F12E81 /* WeatherViewModel.swift */,
			);
			path = Weather;
			sourceTree = "<group>";
		};
		EA20F1DF242FB27200F12E81 /* Model */ = {
			isa = PBXGroup;
			children = (
				EA20F1E2242FB2AB00F12E81 /* Weather.swift */,
				EA20F1E4242FB32800F12E81 /* WeatherDaily.swift */,
				EA20F1E6242FB3F400F12E81 /* WeatherHourly.swift */,
				EA20F1E8242FB44A00F12E81 /* WeatherData.swift */,
			);
			path = Model;
			sourceTree = "<group>";
		};
		EA65F036242F9323003C6BE7 = {
			isa = PBXGroup;
			children = (
				EA65F041242F9323003C6BE7 /* Weather Altimetrik */,
				EA65F058242F9325003C6BE7 /* Weather AltimetrikTests */,
				EA65F040242F9323003C6BE7 /* Products */,
				106ED8F07FB7F04AA7110BFE /* Pods */,
				062C5A3E389DBCE8AD32CBC5 /* Frameworks */,
			);
			sourceTree = "<group>";
		};
		EA65F040242F9323003C6BE7 /* Products */ = {
			isa = PBXGroup;
			children = (
				EA65F03F242F9323003C6BE7 /* Weather Altimetrik.app */,
				EA65F055242F9325003C6BE7 /* Weather AltimetrikTests.xctest */,
			);
			name = Products;
			sourceTree = "<group>";
		};
		EA65F041242F9323003C6BE7 /* Weather Altimetrik */ = {
			isa = PBXGroup;
			children = (
				EA20F1DF242FB27200F12E81 /* Model */,
				EA20F1DA242FB21400F12E81 /* Weather */,
				EA65F064242F9A9D003C6BE7 /* LocationForm */,
				EA20F1D7242FA7FA00F12E81 /* Commons */,
				EA20F1D2242FA40B00F12E81 /* Extensions */,
				EA65F042242F9323003C6BE7 /* AppDelegate.swift */,
				EA65F044242F9323003C6BE7 /* SceneDelegate.swift */,
				EA65F048242F9323003C6BE7 /* Main.storyboard */,
				EA65F04B242F9325003C6BE7 /* Assets.xcassets */,
				EA65F04D242F9325003C6BE7 /* LaunchScreen.storyboard */,
				EA65F050242F9325003C6BE7 /* Info.plist */,
			);
			path = "Weather Altimetrik";
			sourceTree = "<group>";
		};
		EA65F058242F9325003C6BE7 /* Weather AltimetrikTests */ = {
			isa = PBXGroup;
			children = (
				EA65F059242F9325003C6BE7 /* Weather_AltimetrikTests.swift */,
				EA65F05B242F9325003C6BE7 /* Info.plist */,
				EA20F1D0242FA14D00F12E81 /* LoicationFormViewModelTests.swift */,
			);
			path = "Weather AltimetrikTests";
			sourceTree = "<group>";
		};
		EA65F064242F9A9D003C6BE7 /* LocationForm */ = {
			isa = PBXGroup;
			children = (
				EA65F046242F9323003C6BE7 /* LocationFormViewController.swift */,
				EA65F065242F9AB4003C6BE7 /* LocationFormViewModel.swift */,
			);
			path = LocationForm;
			sourceTree = "<group>";
		};
/* End PBXGroup section */

/* Begin PBXNativeTarget section */
		EA65F03E242F9323003C6BE7 /* Weather Altimetrik */ = {
			isa = PBXNativeTarget;
			buildConfigurationList = EA65F05E242F9325003C6BE7 /* Build configuration list for PBXNativeTarget "Weather Altimetrik" */;
			buildPhases = (
				CA16BC05AC1AC025FE488F7F /* [CP] Check Pods Manifest.lock */,
				EA65F03B242F9323003C6BE7 /* Sources */,
				EA65F03C242F9323003C6BE7 /* Frameworks */,
				EA65F03D242F9323003C6BE7 /* Resources */,
				CAE9309F6A752FBC151CB21E /* [CP] Embed Pods Frameworks */,
			);
			buildRules = (
			);
			dependencies = (
			);
			name = "Weather Altimetrik";
			productName = "Weather Altimetrik";
			productReference = EA65F03F242F9323003C6BE7 /* Weather Altimetrik.app */;
			productType = "com.apple.product-type.application";
		};
		EA65F054242F9325003C6BE7 /* Weather AltimetrikTests */ = {
			isa = PBXNativeTarget;
			buildConfigurationList = EA65F061242F9325003C6BE7 /* Build configuration list for PBXNativeTarget "Weather AltimetrikTests" */;
			buildPhases = (
				4B58688E102E3770E21B7E5A /* [CP] Check Pods Manifest.lock */,
				EA65F051242F9325003C6BE7 /* Sources */,
				EA65F052242F9325003C6BE7 /* Frameworks */,
				EA65F053242F9325003C6BE7 /* Resources */,
			);
			buildRules = (
			);
			dependencies = (
				EA65F057242F9325003C6BE7 /* PBXTargetDependency */,
			);
			name = "Weather AltimetrikTests";
			productName = "Weather AltimetrikTests";
			productReference = EA65F055242F9325003C6BE7 /* Weather AltimetrikTests.xctest */;
			productType = "com.apple.product-type.bundle.unit-test";
		};
/* End PBXNativeTarget section */

/* Begin PBXProject section */
		EA65F037242F9323003C6BE7 /* Project object */ = {
			isa = PBXProject;
			attributes = {
				LastSwiftUpdateCheck = 1100;
				LastUpgradeCheck = 1100;
				ORGANIZATIONNAME = "Guillermo Arturo Daniel Garcia Romero";
				TargetAttributes = {
					EA65F03E242F9323003C6BE7 = {
						CreatedOnToolsVersion = 11.0;
					};
					EA65F054242F9325003C6BE7 = {
						CreatedOnToolsVersion = 11.0;
						TestTargetID = EA65F03E242F9323003C6BE7;
					};
				};
			};
			buildConfigurationList = EA65F03A242F9323003C6BE7 /* Build configuration list for PBXProject "Weather Altimetrik" */;
			compatibilityVersion = "Xcode 9.3";
			developmentRegion = en;
			hasScannedForEncodings = 0;
			knownRegions = (
				en,
				Base,
			);
			mainGroup = EA65F036242F9323003C6BE7;
			productRefGroup = EA65F040242F9323003C6BE7 /* Products */;
			projectDirPath = "";
			projectRoot = "";
			targets = (
				EA65F03E242F9323003C6BE7 /* Weather Altimetrik */,
				EA65F054242F9325003C6BE7 /* Weather AltimetrikTests */,
			);
		};
/* End PBXProject section */

/* Begin PBXResourcesBuildPhase section */
		EA65F03D242F9323003C6BE7 /* Resources */ = {
			isa = PBXResourcesBuildPhase;
			buildActionMask = 2147483647;
			files = (
				EA65F04F242F9325003C6BE7 /* LaunchScreen.storyboard in Resources */,
				EA65F04C242F9325003C6BE7 /* Assets.xcassets in Resources */,
				EA65F04A242F9323003C6BE7 /* Main.storyboard in Resources */,
			);
			runOnlyForDeploymentPostprocessing = 0;
		};
		EA65F053242F9325003C6BE7 /* Resources */ = {
			isa = PBXResourcesBuildPhase;
			buildActionMask = 2147483647;
			files = (
			);
			runOnlyForDeploymentPostprocessing = 0;
		};
/* End PBXResourcesBuildPhase section */

/* Begin PBXShellScriptBuildPhase section */
		4B58688E102E3770E21B7E5A /* [CP] Check Pods Manifest.lock */ = {
			isa = PBXShellScriptBuildPhase;
			buildActionMask = 2147483647;
			files = (
			);
			inputFileListPaths = (
			);
			inputPaths = (
				"${PODS_PODFILE_DIR_PATH}/Podfile.lock",
				"${PODS_ROOT}/Manifest.lock",
			);
			name = "[CP] Check Pods Manifest.lock";
			outputFileListPaths = (
			);
			outputPaths = (
				"$(DERIVED_FILE_DIR)/Pods-Weather AltimetrikTests-checkManifestLockResult.txt",
			);
			runOnlyForDeploymentPostprocessing = 0;
			shellPath = /bin/sh;
			shellScript = "diff \"${PODS_PODFILE_DIR_PATH}/Podfile.lock\" \"${PODS_ROOT}/Manifest.lock\" > /dev/null\nif [ $? != 0 ] ; then\n    # print error to STDERR\n    echo \"error: The sandbox is not in sync with the Podfile.lock. Run 'pod install' or update your CocoaPods installation.\" >&2\n    exit 1\nfi\n# This output is used by Xcode 'outputs' to avoid re-running this script phase.\necho \"SUCCESS\" > \"${SCRIPT_OUTPUT_FILE_0}\"\n";
			showEnvVarsInLog = 0;
		};
		CA16BC05AC1AC025FE488F7F /* [CP] Check Pods Manifest.lock */ = {
			isa = PBXShellScriptBuildPhase;
			buildActionMask = 2147483647;
			files = (
			);
			inputFileListPaths = (
			);
			inputPaths = (
				"${PODS_PODFILE_DIR_PATH}/Podfile.lock",
				"${PODS_ROOT}/Manifest.lock",
			);
			name = "[CP] Check Pods Manifest.lock";
			outputFileListPaths = (
			);
			outputPaths = (
				"$(DERIVED_FILE_DIR)/Pods-Weather Altimetrik-checkManifestLockResult.txt",
			);
			runOnlyForDeploymentPostprocessing = 0;
			shellPath = /bin/sh;
			shellScript = "diff \"${PODS_PODFILE_DIR_PATH}/Podfile.lock\" \"${PODS_ROOT}/Manifest.lock\" > /dev/null\nif [ $? != 0 ] ; then\n    # print error to STDERR\n    echo \"error: The sandbox is not in sync with the Podfile.lock. Run 'pod install' or update your CocoaPods installation.\" >&2\n    exit 1\nfi\n# This output is used by Xcode 'outputs' to avoid re-running this script phase.\necho \"SUCCESS\" > \"${SCRIPT_OUTPUT_FILE_0}\"\n";
			showEnvVarsInLog = 0;
		};
		CAE9309F6A752FBC151CB21E /* [CP] Embed Pods Frameworks */ = {
			isa = PBXShellScriptBuildPhase;
			buildActionMask = 2147483647;
			files = (
			);
			inputFileListPaths = (
				"${PODS_ROOT}/Target Support Files/Pods-Weather Altimetrik/Pods-Weather Altimetrik-frameworks-${CONFIGURATION}-input-files.xcfilelist",
			);
			name = "[CP] Embed Pods Frameworks";
			outputFileListPaths = (
				"${PODS_ROOT}/Target Support Files/Pods-Weather Altimetrik/Pods-Weather Altimetrik-frameworks-${CONFIGURATION}-output-files.xcfilelist",
			);
			runOnlyForDeploymentPostprocessing = 0;
			shellPath = /bin/sh;
			shellScript = "\"${PODS_ROOT}/Target Support Files/Pods-Weather Altimetrik/Pods-Weather Altimetrik-frameworks.sh\"\n";
			showEnvVarsInLog = 0;
		};
/* End PBXShellScriptBuildPhase section */

/* Begin PBXSourcesBuildPhase section */
		EA65F03B242F9323003C6BE7 /* Sources */ = {
			isa = PBXSourcesBuildPhase;
			buildActionMask = 2147483647;
			files = (
				EA20F1E5242FB32800F12E81 /* WeatherDaily.swift in Sources */,
				EA65F047242F9323003C6BE7 /* LocationFormViewController.swift in Sources */,
				EA65F043242F9323003C6BE7 /* AppDelegate.swift in Sources */,
				EA65F045242F9323003C6BE7 /* SceneDelegate.swift in Sources */,
				EA20F1D9242FA81600F12E81 /* RequestManager.swift in Sources */,
				EA20F1E3242FB2AB00F12E81 /* Weather.swift in Sources */,
				EA20F1DC242FB23800F12E81 /* WeatherViewController.swift in Sources */,
				EA20F1DE242FB25900F12E81 /* WeatherViewModel.swift in Sources */,
				EA65F066242F9AB4003C6BE7 /* LocationFormViewModel.swift in Sources */,
				EA20F1E7242FB3F400F12E81 /* WeatherHourly.swift in Sources */,
				EA20F1E9242FB44A00F12E81 /* WeatherData.swift in Sources */,
				EA20F1D6242FA46000F12E81 /* UIViewController+Utils.swift in Sources */,
			);
			runOnlyForDeploymentPostprocessing = 0;
		};
		EA65F051242F9325003C6BE7 /* Sources */ = {
			isa = PBXSourcesBuildPhase;
			buildActionMask = 2147483647;
			files = (
				EA65F05A242F9325003C6BE7 /* Weather_AltimetrikTests.swift in Sources */,
				EA20F1D1242FA14D00F12E81 /* LoicationFormViewModelTests.swift in Sources */,
			);
			runOnlyForDeploymentPostprocessing = 0;
		};
/* End PBXSourcesBuildPhase section */

/* Begin PBXTargetDependency section */
		EA65F057242F9325003C6BE7 /* PBXTargetDependency */ = {
			isa = PBXTargetDependency;
			target = EA65F03E242F9323003C6BE7 /* Weather Altimetrik */;
			targetProxy = EA65F056242F9325003C6BE7 /* PBXContainerItemProxy */;
		};
/* End PBXTargetDependency section */

/* Begin PBXVariantGroup section */
		EA65F048242F9323003C6BE7 /* Main.storyboard */ = {
			isa = PBXVariantGroup;
			children = (
				EA65F049242F9323003C6BE7 /* Base */,
			);
			name = Main.storyboard;
			sourceTree = "<group>";
		};
		EA65F04D242F9325003C6BE7 /* LaunchScreen.storyboard */ = {
			isa = PBXVariantGroup;
			children = (
				EA65F04E242F9325003C6BE7 /* Base */,
			);
			name = LaunchScreen.storyboard;
			sourceTree = "<group>";
		};
/* End PBXVariantGroup section */

/* Begin XCBuildConfiguration section */
		EA65F05C242F9325003C6BE7 /* Debug */ = {
			isa = XCBuildConfiguration;
			buildSettings = {
				ALWAYS_SEARCH_USER_PATHS = NO;
				CLANG_ANALYZER_NONNULL = YES;
				CLANG_ANALYZER_NUMBER_OBJECT_CONVERSION = YES_AGGRESSIVE;
				CLANG_CXX_LANGUAGE_STANDARD = "gnu++14";
				CLANG_CXX_LIBRARY = "libc++";
				CLANG_ENABLE_MODULES = YES;
				CLANG_ENABLE_OBJC_ARC = YES;
				CLANG_ENABLE_OBJC_WEAK = YES;
				CLANG_WARN_BLOCK_CAPTURE_AUTORELEASING = YES;
				CLANG_WARN_BOOL_CONVERSION = YES;
				CLANG_WARN_COMMA = YES;
				CLANG_WARN_CONSTANT_CONVERSION = YES;
				CLANG_WARN_DEPRECATED_OBJC_IMPLEMENTATIONS = YES;
				CLANG_WARN_DIRECT_OBJC_ISA_USAGE = YES_ERROR;
				CLANG_WARN_DOCUMENTATION_COMMENTS = YES;
				CLANG_WARN_EMPTY_BODY = YES;
				CLANG_WARN_ENUM_CONVERSION = YES;
				CLANG_WARN_INFINITE_RECURSION = YES;
				CLANG_WARN_INT_CONVERSION = YES;
				CLANG_WARN_NON_LITERAL_NULL_CONVERSION = YES;
				CLANG_WARN_OBJC_IMPLICIT_RETAIN_SELF = YES;
				CLANG_WARN_OBJC_LITERAL_CONVERSION = YES;
				CLANG_WARN_OBJC_ROOT_CLASS = YES_ERROR;
				CLANG_WARN_RANGE_LOOP_ANALYSIS = YES;
				CLANG_WARN_STRICT_PROTOTYPES = YES;
				CLANG_WARN_SUSPICIOUS_MOVE = YES;
				CLANG_WARN_UNGUARDED_AVAILABILITY = YES_AGGRESSIVE;
				CLANG_WARN_UNREACHABLE_CODE = YES;
				CLANG_WARN__DUPLICATE_METHOD_MATCH = YES;
				COPY_PHASE_STRIP = NO;
				DEBUG_INFORMATION_FORMAT = dwarf;
				ENABLE_STRICT_OBJC_MSGSEND = YES;
				ENABLE_TESTABILITY = YES;
				GCC_C_LANGUAGE_STANDARD = gnu11;
				GCC_DYNAMIC_NO_PIC = NO;
				GCC_NO_COMMON_BLOCKS = YES;
				GCC_OPTIMIZATION_LEVEL = 0;
				GCC_PREPROCESSOR_DEFINITIONS = (
					"DEBUG=1",
					"$(inherited)",
				);
				GCC_WARN_64_TO_32_BIT_CONVERSION = YES;
				GCC_WARN_ABOUT_RETURN_TYPE = YES_ERROR;
				GCC_WARN_UNDECLARED_SELECTOR = YES;
				GCC_WARN_UNINITIALIZED_AUTOS = YES_AGGRESSIVE;
				GCC_WARN_UNUSED_FUNCTION = YES;
				GCC_WARN_UNUSED_VARIABLE = YES;
				IPHONEOS_DEPLOYMENT_TARGET = 13.0;
				MTL_ENABLE_DEBUG_INFO = INCLUDE_SOURCE;
				MTL_FAST_MATH = YES;
				ONLY_ACTIVE_ARCH = YES;
				SDKROOT = iphoneos;
				SWIFT_ACTIVE_COMPILATION_CONDITIONS = DEBUG;
				SWIFT_OPTIMIZATION_LEVEL = "-Onone";
			};
			name = Debug;
		};
		EA65F05D242F9325003C6BE7 /* Release */ = {
			isa = XCBuildConfiguration;
			buildSettings = {
				ALWAYS_SEARCH_USER_PATHS = NO;
				CLANG_ANALYZER_NONNULL = YES;
				CLANG_ANALYZER_NUMBER_OBJECT_CONVERSION = YES_AGGRESSIVE;
				CLANG_CXX_LANGUAGE_STANDARD = "gnu++14";
				CLANG_CXX_LIBRARY = "libc++";
				CLANG_ENABLE_MODULES = YES;
				CLANG_ENABLE_OBJC_ARC = YES;
				CLANG_ENABLE_OBJC_WEAK = YES;
				CLANG_WARN_BLOCK_CAPTURE_AUTORELEASING = YES;
				CLANG_WARN_BOOL_CONVERSION = YES;
				CLANG_WARN_COMMA = YES;
				CLANG_WARN_CONSTANT_CONVERSION = YES;
				CLANG_WARN_DEPRECATED_OBJC_IMPLEMENTATIONS = YES;
				CLANG_WARN_DIRECT_OBJC_ISA_USAGE = YES_ERROR;
				CLANG_WARN_DOCUMENTATION_COMMENTS = YES;
				CLANG_WARN_EMPTY_BODY = YES;
				CLANG_WARN_ENUM_CONVERSION = YES;
				CLANG_WARN_INFINITE_RECURSION = YES;
				CLANG_WARN_INT_CONVERSION = YES;
				CLANG_WARN_NON_LITERAL_NULL_CONVERSION = YES;
				CLANG_WARN_OBJC_IMPLICIT_RETAIN_SELF = YES;
				CLANG_WARN_OBJC_LITERAL_CONVERSION = YES;
				CLANG_WARN_OBJC_ROOT_CLASS = YES_ERROR;
				CLANG_WARN_RANGE_LOOP_ANALYSIS = YES;
				CLANG_WARN_STRICT_PROTOTYPES = YES;
				CLANG_WARN_SUSPICIOUS_MOVE = YES;
				CLANG_WARN_UNGUARDED_AVAILABILITY = YES_AGGRESSIVE;
				CLANG_WARN_UNREACHABLE_CODE = YES;
				CLANG_WARN__DUPLICATE_METHOD_MATCH = YES;
				COPY_PHASE_STRIP = NO;
				DEBUG_INFORMATION_FORMAT = "dwarf-with-dsym";
				ENABLE_NS_ASSERTIONS = NO;
				ENABLE_STRICT_OBJC_MSGSEND = YES;
				GCC_C_LANGUAGE_STANDARD = gnu11;
				GCC_NO_COMMON_BLOCKS = YES;
				GCC_WARN_64_TO_32_BIT_CONVERSION = YES;
				GCC_WARN_ABOUT_RETURN_TYPE = YES_ERROR;
				GCC_WARN_UNDECLARED_SELECTOR = YES;
				GCC_WARN_UNINITIALIZED_AUTOS = YES_AGGRESSIVE;
				GCC_WARN_UNUSED_FUNCTION = YES;
				GCC_WARN_UNUSED_VARIABLE = YES;
				IPHONEOS_DEPLOYMENT_TARGET = 13.0;
				MTL_ENABLE_DEBUG_INFO = NO;
				MTL_FAST_MATH = YES;
				SDKROOT = iphoneos;
				SWIFT_COMPILATION_MODE = wholemodule;
				SWIFT_OPTIMIZATION_LEVEL = "-O";
				VALIDATE_PRODUCT = YES;
			};
			name = Release;
		};
		EA65F05F242F9325003C6BE7 /* Debug */ = {
			isa = XCBuildConfiguration;
			baseConfigurationReference = 284BA8A89E3CCA375B749503 /* Pods-Weather Altimetrik.debug.xcconfig */;
			buildSettings = {
				ASSETCATALOG_COMPILER_APPICON_NAME = AppIcon;
				CODE_SIGN_STYLE = Automatic;
				INFOPLIST_FILE = "Weather Altimetrik/Info.plist";
				LD_RUNPATH_SEARCH_PATHS = (
					"$(inherited)",
					"@executable_path/Frameworks",
				);
				PRODUCT_BUNDLE_IDENTIFIER = "com.guillermo.Weather-Altimetrik";
				PRODUCT_NAME = "$(TARGET_NAME)";
				SWIFT_VERSION = 5.0;
				TARGETED_DEVICE_FAMILY = "1,2";
			};
			name = Debug;
		};
		EA65F060242F9325003C6BE7 /* Release */ = {
			isa = XCBuildConfiguration;
			baseConfigurationReference = D3F6BF8D429BD8AF838A4B9C /* Pods-Weather Altimetrik.release.xcconfig */;
			buildSettings = {
				ASSETCATALOG_COMPILER_APPICON_NAME = AppIcon;
				CODE_SIGN_STYLE = Automatic;
				INFOPLIST_FILE = "Weather Altimetrik/Info.plist";
				LD_RUNPATH_SEARCH_PATHS = (
					"$(inherited)",
					"@executable_path/Frameworks",
				);
				PRODUCT_BUNDLE_IDENTIFIER = "com.guillermo.Weather-Altimetrik";
				PRODUCT_NAME = "$(TARGET_NAME)";
				SWIFT_VERSION = 5.0;
				TARGETED_DEVICE_FAMILY = "1,2";
			};
			name = Release;
		};
		EA65F062242F9325003C6BE7 /* Debug */ = {
			isa = XCBuildConfiguration;
			baseConfigurationReference = E08CA6DEEFD531DE5DFBD445 /* Pods-Weather AltimetrikTests.debug.xcconfig */;
			buildSettings = {
				ALWAYS_EMBED_SWIFT_STANDARD_LIBRARIES = YES;
				BUNDLE_LOADER = "$(TEST_HOST)";
				CODE_SIGN_STYLE = Automatic;
				INFOPLIST_FILE = "Weather AltimetrikTests/Info.plist";
				IPHONEOS_DEPLOYMENT_TARGET = 13.0;
				LD_RUNPATH_SEARCH_PATHS = (
					"$(inherited)",
					"@executable_path/Frameworks",
					"@loader_path/Frameworks",
				);
				PRODUCT_BUNDLE_IDENTIFIER = "com.guillermo.Weather-AltimetrikTests";
				PRODUCT_NAME = "$(TARGET_NAME)";
				SWIFT_VERSION = 5.0;
				TARGETED_DEVICE_FAMILY = "1,2";
				TEST_HOST = "$(BUILT_PRODUCTS_DIR)/Weather Altimetrik.app/Weather Altimetrik";
			};
			name = Debug;
		};
		EA65F063242F9325003C6BE7 /* Release */ = {
			isa = XCBuildConfiguration;
			baseConfigurationReference = 7B5AE4E32ED02EF5D8D0C2B5 /* Pods-Weather AltimetrikTests.release.xcconfig */;
			buildSettings = {
				ALWAYS_EMBED_SWIFT_STANDARD_LIBRARIES = YES;
				BUNDLE_LOADER = "$(TEST_HOST)";
				CODE_SIGN_STYLE = Automatic;
				INFOPLIST_FILE = "Weather AltimetrikTests/Info.plist";
				IPHONEOS_DEPLOYMENT_TARGET = 13.0;
				LD_RUNPATH_SEARCH_PATHS = (
					"$(inherited)",
					"@executable_path/Frameworks",
					"@loader_path/Frameworks",
				);
				PRODUCT_BUNDLE_IDENTIFIER = "com.guillermo.Weather-AltimetrikTests";
				PRODUCT_NAME = "$(TARGET_NAME)";
				SWIFT_VERSION = 5.0;
				TARGETED_DEVICE_FAMILY = "1,2";
				TEST_HOST = "$(BUILT_PRODUCTS_DIR)/Weather Altimetrik.app/Weather Altimetrik";
			};
			name = Release;
		};
/* End XCBuildConfiguration section */

/* Begin XCConfigurationList section */
		EA65F03A242F9323003C6BE7 /* Build configuration list for PBXProject "Weather Altimetrik" */ = {
			isa = XCConfigurationList;
			buildConfigurations = (
				EA65F05C242F9325003C6BE7 /* Debug */,
				EA65F05D242F9325003C6BE7 /* Release */,
			);
			defaultConfigurationIsVisible = 0;
			defaultConfigurationName = Release;
		};
		EA65F05E242F9325003C6BE7 /* Build configuration list for PBXNativeTarget "Weather Altimetrik" */ = {
			isa = XCConfigurationList;
			buildConfigurations = (
				EA65F05F242F9325003C6BE7 /* Debug */,
				EA65F060242F9325003C6BE7 /* Release */,
			);
			defaultConfigurationIsVisible = 0;
			defaultConfigurationName = Release;
		};
		EA65F061242F9325003C6BE7 /* Build configuration list for PBXNativeTarget "Weather AltimetrikTests" */ = {
			isa = XCConfigurationList;
			buildConfigurations = (
				EA65F062242F9325003C6BE7 /* Debug */,
				EA65F063242F9325003C6BE7 /* Release */,
			);
			defaultConfigurationIsVisible = 0;
			defaultConfigurationName = Release;
		};
/* End XCConfigurationList section */
	};
	rootObject = EA65F037242F9323003C6BE7 /* Project object */;
}
